
Microsoft Visual Studio Solution File, Format Version 12.00
# Visual Studio Version 17
VisualStudioVersion = 17.13.35825.156 d17.13
MinimumVisualStudioVersion = 10.0.40219.1
Project("{FAE04EC0-301F-11D3-BF4B-00C04F79EFBC}") = "OpenSenseMapApiService", "OpenSenseMapApiService.csproj", "{8AF13EB3-7FE3-4CF2-97EB-D8E33B9B7812}"
EndProject
Global
	GlobalSection(SolutionConfigurationPlatforms) = preSolution
		Debug|Any CPU = Debug|Any CPU
		Release|Any CPU = Release|Any CPU
	EndGlobalSection
	GlobalSection(ProjectConfigurationPlatforms) = postSolution
		{8AF13EB3-7FE3-4CF2-97EB-D8E33B9B7812}.Debug|Any CPU.ActiveCfg = Debug|Any CPU
		{8AF13EB3-7FE3-4CF2-97EB-D8E33B9B7812}.Debug|Any CPU.Build.0 = Debug|Any CPU
		{8AF13EB3-7FE3-4CF2-97EB-D8E33B9B7812}.Release|Any CPU.ActiveCfg = Release|Any CPU
		{8AF13EB3-7FE3-4CF2-97EB-D8E33B9B7812}.Release|Any CPU.Build.0 = Release|Any CPU
	EndGlobalSection
	GlobalSection(SolutionProperties) = preSolution
		HideSolutionNode = FALSE
	EndGlobalSection
	GlobalSection(ExtensibilityGlobals) = postSolution
		SolutionGuid = {11C6B961-B76B-4741-8422-180A590737F1}
	EndGlobalSection
EndGlobal
